
Microsoft Visual Studio Solution File, Format Version 12.00
# Visual Studio Version 17
VisualStudioVersion = 17.0.32112.339
MinimumVisualStudioVersion = 10.0.40219.1
Project("{FAE04EC0-301F-11D3-BF4B-00C04F79EFBC}") = "Session-2", "Session-2\Session-2.csproj", "{E92FF2FD-312C-4F94-A675-5CCA3E9A48D5}"
EndProject
Global
	GlobalSection(SolutionConfigurationPlatforms) = preSolution
		Debug|Any CPU = Debug|Any CPU
		Release|Any CPU = Release|Any CPU
	EndGlobalSection
	GlobalSection(ProjectConfigurationPlatforms) = postSolution
		{E92FF2FD-312C-4F94-A675-5CCA3E9A48D5}.Debug|Any CPU.ActiveCfg = Debug|Any CPU
		{E92FF2FD-312C-4F94-A675-5CCA3E9A48D5}.Debug|Any CPU.Build.0 = Debug|Any CPU
		{E92FF2FD-312C-4F94-A675-5CCA3E9A48D5}.Release|Any CPU.ActiveCfg = Release|Any CPU
		{E92FF2FD-312C-4F94-A675-5CCA3E9A48D5}.Release|Any CPU.Build.0 = Release|Any CPU
	EndGlobalSection
	GlobalSection(SolutionProperties) = preSolution
		HideSolutionNode = FALSE
	EndGlobalSection
	GlobalSection(ExtensibilityGlobals) = postSolution
		SolutionGuid = {EC10585D-3D26-4E69-A583-EE445F4ADB6F}
	EndGlobalSection
EndGlobal
